// !$*UTF8*$!
{
	archiveVersion = 1;
	classes = {
	};
	objectVersion = 48;
	objects = {

/* Begin PBXBuildFile section */
		2CD070401F95E2F800131922 /* AppDelegate.m in Sources */ = {isa = PBXBuildFile; fileRef = 2CD0703F1F95E2F800131922 /* AppDelegate.m */; };
		2CD070431F95E2F800131922 /* ViewController.m in Sources */ = {isa = PBXBuildFile; fileRef = 2CD070421F95E2F800131922 /* ViewController.m */; };
		2CD070461F95E2F800131922 /* Main.storyboard in Resources */ = {isa = PBXBuildFile; fileRef = 2CD070441F95E2F800131922 /* Main.storyboard */; };
		2CD070481F95E2F800131922 /* Assets.xcassets in Resources */ = {isa = PBXBuildFile; fileRef = 2CD070471F95E2F800131922 /* Assets.xcassets */; };
		2CD0704B1F95E2F800131922 /* LaunchScreen.storyboard in Resources */ = {isa = PBXBuildFile; fileRef = 2CD070491F95E2F800131922 /* LaunchScreen.storyboard */; };
		2CD0704E1F95E2F800131922 /* main.m in Sources */ = {isa = PBXBuildFile; fileRef = 2CD0704D1F95E2F800131922 /* main.m */; };
/* End PBXBuildFile section */

/* Begin PBXFileReference section */
		2CD0703B1F95E2F800131922 /* 006--修改请求头.app */ = {isa = PBXFileReference; explicitFileType = wrapper.application; includeInIndex = 0; path = "006--修改请求头.app"; sourceTree = BUILT_PRODUCTS_DIR; };
		2CD0703E1F95E2F800131922 /* AppDelegate.h */ = {isa = PBXFileReference; lastKnownFileType = sourcecode.c.h; path = AppDelegate.h; sourceTree = "<group>"; };
		2CD0703F1F95E2F800131922 /* AppDelegate.m */ = {isa = PBXFileReference; lastKnownFileType = sourcecode.c.objc; path = AppDelegate.m; sourceTree = "<group>"; };
		2CD070411F95E2F800131922 /* ViewController.h */ = {isa = PBXFileReference; lastKnownFileType = sourcecode.c.h; path = ViewController.h; sourceTree = "<group>"; };
		2CD070421F95E2F800131922 /* ViewController.m */ = {isa = PBXFileReference; lastKnownFileType = sourcecode.c.objc; path = ViewController.m; sourceTree = "<group>"; };
		2CD070451F95E2F800131922 /* Base */ = {isa = PBXFileReference; lastKnownFileType = file.storyboard; name = Base; path = Base.lproj/Main.storyboard; sourceTree = "<group>"; };
		2CD070471F95E2F800131922 /* Assets.xcassets */ = {isa = PBXFileReference; lastKnownFileType = folder.assetcatalog; path = Assets.xcassets; sourceTree = "<group>"; };
		2CD0704A1F95E2F800131922 /* Base */ = {isa = PBXFileReference; lastKnownFileType = file.storyboard; name = Base; path = Base.lproj/LaunchScreen.storyboard; sourceTree = "<group>"; };
		2CD0704C1F95E2F800131922 /* Info.plist */ = {isa = PBXFileReference; lastKnownFileType = text.plist.xml; path = Info.plist; sourceTree = "<group>"; };
		2CD0704D1F95E2F800131922 /* main.m */ = {isa = PBXFileReference; lastKnownFileType = sourcecode.c.objc; path = main.m; sourceTree = "<group>"; };
/* End PBXFileReference section */

/* Begin PBXFrameworksBuildPhase section */
		2CD070381F95E2F800131922 /* Frameworks */ = {
			isa = PBXFrameworksBuildPhase;
			buildActionMask = 2147483647;
			files = (
			);
			runOnlyForDeploymentPostprocessing = 0;
		};
/* End PBXFrameworksBuildPhase section */

/* Begin PBXGroup section */
		2CD070321F95E2F700131922 = {
			isa = PBXGroup;
			children = (
				2CD0703D1F95E2F800131922 /* 006--修改请求头 */,
				2CD0703C1F95E2F800131922 /* Products */,
			);
			sourceTree = "<group>";
		};
		2CD0703C1F95E2F800131922 /* Products */ = {
			isa = PBXGroup;
			children = (
				2CD0703B1F95E2F800131922 /* 006--修改请求头.app */,
			);
			name = Products;
			sourceTree = "<group>";
		};
		2CD0703D1F95E2F800131922 /* 006--修改请求头 */ = {
			isa = PBXGroup;
			children = (
				2CD0703E1F95E2F800131922 /* AppDelegate.h */,
				2CD0703F1F95E2F800131922 /* AppDelegate.m */,
				2CD070411F95E2F800131922 /* ViewController.h */,
				2CD070421F95E2F800131922 /* ViewController.m */,
				2CD070441F95E2F800131922 /* Main.storyboard */,
				2CD070471F95E2F800131922 /* Assets.xcassets */,
				2CD070491F95E2F800131922 /* LaunchScreen.storyboard */,
				2CD0704C1F95E2F800131922 /* Info.plist */,
				2CD0704D1F95E2F800131922 /* main.m */,
			);
			path = "006--修改请求头";
			sourceTree = "<group>";
		};
/* End PBXGroup section */

/* Begin PBXNativeTarget section */
		2CD0703A1F95E2F800131922 /* 006--修改请求头 */ = {
			isa = PBXNativeTarget;
			buildConfigurationList = 2CD070511F95E2F800131922 /* Build configuration list for PBXNativeTarget "006--修改请求头" */;
			buildPhases = (
				2CD070371F95E2F800131922 /* Sources */,
				2CD070381F95E2F800131922 /* Frameworks */,
				2CD070391F95E2F800131922 /* Resources */,
			);
			buildRules = (
			);
			dependencies = (
			);
			name = "006--修改请求头";
			productName = "006--修改请求头";
			productReference = 2CD0703B1F95E2F800131922 /* 006--修改请求头.app */;
			productType = "com.apple.product-type.application";
		};
/* End PBXNativeTarget section */

/* Begin PBXProject section */
		2CD070331F95E2F700131922 /* Project object */ = {
			isa = PBXProject;
			attributes = {
				LastUpgradeCheck = 0900;
				ORGANIZATIONNAME = JinLong;
				TargetAttributes = {
					2CD0703A1F95E2F800131922 = {
						CreatedOnToolsVersion = 9.0;
						ProvisioningStyle = Automatic;
					};
				};
			};
			buildConfigurationList = 2CD070361F95E2F700131922 /* Build configuration list for PBXProject "006--修改请求头" */;
			compatibilityVersion = "Xcode 8.0";
			developmentRegion = en;
			hasScannedForEncodings = 0;
			knownRegions = (
				en,
				Base,
			);
			mainGroup = 2CD070321F95E2F700131922;
			productRefGroup = 2CD0703C1F95E2F800131922 /* Products */;
			projectDirPath = "";
			projectRoot = "";
			targets = (
				2CD0703A1F95E2F800131922 /* 006--修改请求头 */,
			);
		};
/* End PBXProject section */

/* Begin PBXResourcesBuildPhase section */
		2CD070391F95E2F800131922 /* Resources */ = {
			isa = PBXResourcesBuildPhase;
			buildActionMask = 2147483647;
			files = (
				2CD0704B1F95E2F800131922 /* LaunchScreen.storyboard in Resources */,
				2CD070481F95E2F800131922 /* Assets.xcassets in Resources */,
				2CD070461F95E2F800131922 /* Main.storyboard in Resources */,
			);
			runOnlyForDeploymentPostprocessing = 0;
		};
/* End PBXResourcesBuildPhase section */

/* Begin PBXSourcesBuildPhase section */
		2CD070371F95E2F800131922 /* Sources */ = {
			isa = PBXSourcesBuildPhase;
			buildActionMask = 2147483647;
			files = (
				2CD070431F95E2F800131922 /* ViewController.m in Sources */,
				2CD0704E1F95E2F800131922 /* main.m in Sources */,
				2CD070401F95E2F800131922 /* AppDelegate.m in Sources */,
			);
			runOnlyForDeploymentPostprocessing = 0;
		};
/* End PBXSourcesBuildPhase section */

/* Begin PBXVariantGroup section */
		2CD070441F95E2F800131922 /* Main.storyboard */ = {
			isa = PBXVariantGroup;
			children = (
				2CD070451F95E2F800131922 /* Base */,
			);
			name = Main.storyboard;
			sourceTree = "<group>";
		};
		2CD070491F95E2F800131922 /* LaunchScreen.storyboard */ = {
			isa = PBXVariantGroup;
			children = (
				2CD0704A1F95E2F800131922 /* Base */,
			);
			name = LaunchScreen.storyboard;
			sourceTree = "<group>";
		};
/* End PBXVariantGroup section */

/* Begin XCBuildConfiguration section */
		2CD0704F1F95E2F800131922 /* Debug */ = {
			isa = XCBuildConfiguration;
			buildSettings = {
				ALWAYS_SEARCH_USER_PATHS = NO;
				CLANG_ANALYZER_NONNULL = YES;
				CLANG_ANALYZER_NUMBER_OBJECT_CONVERSION = YES_AGGRESSIVE;
				CLANG_CXX_LANGUAGE_STANDARD = "gnu++14";
				CLANG_CXX_LIBRARY = "libc++";
				CLANG_ENABLE_MODULES = YES;
				CLANG_ENABLE_OBJC_ARC = YES;
				CLANG_WARN_BLOCK_CAPTURE_AUTORELEASING = YES;
				CLANG_WARN_BOOL_CONVERSION = YES;
				CLANG_WARN_COMMA = YES;
				CLANG_WARN_CONSTANT_CONVERSION = YES;
				CLANG_WARN_DIRECT_OBJC_ISA_USAGE = YES_ERROR;
				CLANG_WARN_DOCUMENTATION_COMMENTS = YES;
				CLANG_WARN_EMPTY_BODY = YES;
				CLANG_WARN_ENUM_CONVERSION = YES;
				CLANG_WARN_INFINITE_RECURSION = YES;
				CLANG_WARN_INT_CONVERSION = YES;
				CLANG_WARN_NON_LITERAL_NULL_CONVERSION = YES;
				CLANG_WARN_OBJC_LITERAL_CONVERSION = YES;
				CLANG_WARN_OBJC_ROOT_CLASS = YES_ERROR;
				CLANG_WARN_RANGE_LOOP_ANALYSIS = YES;
				CLANG_WARN_STRICT_PROTOTYPES = YES;
				CLANG_WARN_SUSPICIOUS_MOVE = YES;
				CLANG_WARN_UNGUARDED_AVAILABILITY = YES_AGGRESSIVE;
				CLANG_WARN_UNREACHABLE_CODE = YES;
				CLANG_WARN__DUPLICATE_METHOD_MATCH = YES;
				CODE_SIGN_IDENTITY = "iPhone Developer";
				COPY_PHASE_STRIP = NO;
				DEBUG_INFORMATION_FORMAT = dwarf;
				ENABLE_STRICT_OBJC_MSGSEND = YES;
				ENABLE_TESTABILITY = YES;
				GCC_C_LANGUAGE_STANDARD = gnu11;
				GCC_DYNAMIC_NO_PIC = NO;
				GCC_NO_COMMON_BLOCKS = YES;
				GCC_OPTIMIZATION_LEVEL = 0;
				GCC_PREPROCESSOR_DEFINITIONS = (
					"DEBUG=1",
					"$(inherited)",
				);
				GCC_WARN_64_TO_32_BIT_CONVERSION = YES;
				GCC_WARN_ABOUT_RETURN_TYPE = YES_ERROR;
				GCC_WARN_UNDECLARED_SELECTOR = YES;
				GCC_WARN_UNINITIALIZED_AUTOS = YES_AGGRESSIVE;
				GCC_WARN_UNUSED_FUNCTION = YES;
				GCC_WARN_UNUSED_VARIABLE = YES;
				IPHONEOS_DEPLOYMENT_TARGET = 11.0;
				MTL_ENABLE_DEBUG_INFO = YES;
				ONLY_ACTIVE_ARCH = YES;
				SDKROOT = iphoneos;
			};
			name = Debug;
		};
		2CD070501F95E2F800131922 /* Release */ = {
			isa = XCBuildConfiguration;
			buildSettings = {
				ALWAYS_SEARCH_USER_PATHS = NO;
				CLANG_ANALYZER_NONNULL = YES;
				CLANG_ANALYZER_NUMBER_OBJECT_CONVERSION = YES_AGGRESSIVE;
				CLANG_CXX_LANGUAGE_STANDARD = "gnu++14";
				CLANG_CXX_LIBRARY = "libc++";
				CLANG_ENABLE_MODULES = YES;
				CLANG_ENABLE_OBJC_ARC = YES;
				CLANG_WARN_BLOCK_CAPTURE_AUTORELEASING = YES;
				CLANG_WARN_BOOL_CONVERSION = YES;
				CLANG_WARN_COMMA = YES;
				CLANG_WARN_CONSTANT_CONVERSION = YES;
				CLANG_WARN_DIRECT_OBJC_ISA_USAGE = YES_ERROR;
				CLANG_WARN_DOCUMENTATION_COMMENTS = YES;
				CLANG_WARN_EMPTY_BODY = YES;
				CLANG_WARN_ENUM_CONVERSION = YES;
				CLANG_WARN_INFINITE_RECURSION = YES;
				CLANG_WARN_INT_CONVERSION = YES;
				CLANG_WARN_NON_LITERAL_NULL_CONVERSION = YES;
				CLANG_WARN_OBJC_LITERAL_CONVERSION = YES;
				CLANG_WARN_OBJC_ROOT_CLASS = YES_ERROR;
				CLANG_WARN_RANGE_LOOP_ANALYSIS = YES;
				CLANG_WARN_STRICT_PROTOTYPES = YES;
				CLANG_WARN_SUSPICIOUS_MOVE = YES;
				CLANG_WARN_UNGUARDED_AVAILABILITY = YES_AGGRESSIVE;
				CLANG_WARN_UNREACHABLE_CODE = YES;
				CLANG_WARN__DUPLICATE_METHOD_MATCH = YES;
				CODE_SIGN_IDENTITY = "iPhone Developer";
				COPY_PHASE_STRIP = NO;
				DEBUG_INFORMATION_FORMAT = "dwarf-with-dsym";
				ENABLE_NS_ASSERTIONS = NO;
				ENABLE_STRICT_OBJC_MSGSEND = YES;
				GCC_C_LANGUAGE_STANDARD = gnu11;
				GCC_NO_COMMON_BLOCKS = YES;
				GCC_WARN_64_TO_32_BIT_CONVERSION = YES;
				GCC_WARN_ABOUT_RETURN_TYPE = YES_ERROR;
				GCC_WARN_UNDECLARED_SELECTOR = YES;
				GCC_WARN_UNINITIALIZED_AUTOS = YES_AGGRESSIVE;
				GCC_WARN_UNUSED_FUNCTION = YES;
				GCC_WARN_UNUSED_VARIABLE = YES;
				IPHONEOS_DEPLOYMENT_TARGET = 11.0;
				MTL_ENABLE_DEBUG_INFO = NO;
				SDKROOT = iphoneos;
				VALIDATE_PRODUCT = YES;
			};
			name = Release;
		};
		2CD070521F95E2F800131922 /* Debug */ = {
			isa = XCBuildConfiguration;
			buildSettings = {
				ASSETCATALOG_COMPILER_APPICON_NAME = AppIcon;
				CODE_SIGN_STYLE = Automatic;
				DEVELOPMENT_TEAM = 4E4939ZHJY;
				INFOPLIST_FILE = "006--修改请求头/Info.plist";
				LD_RUNPATH_SEARCH_PATHS = "$(inherited) @executable_path/Frameworks";
				PRODUCT_BUNDLE_IDENTIFIER = "hejinlong.-06-------";
				PRODUCT_NAME = "$(TARGET_NAME)";
				TARGETED_DEVICE_FAMILY = "1,2";
			};
			name = Debug;
		};
		2CD070531F95E2F800131922 /* Release */ = {
			isa = XCBuildConfiguration;
			buildSettings = {
				ASSETCATALOG_COMPILER_APPICON_NAME = AppIcon;
				CODE_SIGN_STYLE = Automatic;
				DEVELOPMENT_TEAM = 4E4939ZHJY;
				INFOPLIST_FILE = "006--修改请求头/Info.plist";
				LD_RUNPATH_SEARCH_PATHS = "$(inherited) @executable_path/Frameworks";
				PRODUCT_BUNDLE_IDENTIFIER = "hejinlong.-06-------";
				PRODUCT_NAME = "$(TARGET_NAME)";
				TARGETED_DEVICE_FAMILY = "1,2";
			};
			name = Release;
		};
/* End XCBuildConfiguration section */

/* Begin XCConfigurationList section */
		2CD070361F95E2F700131922 /* Build configuration list for PBXProject "006--修改请求头" */ = {
			isa = XCConfigurationList;
			buildConfigurations = (
				2CD0704F1F95E2F800131922 /* Debug */,
				2CD070501F95E2F800131922 /* Release */,
			);
			defaultConfigurationIsVisible = 0;
			defaultConfigurationName = Release;
		};
		2CD070511F95E2F800131922 /* Build configuration list for PBXNativeTarget "006--修改请求头" */ = {
			isa = XCConfigurationList;
			buildConfigurations = (
				2CD070521F95E2F800131922 /* Debug */,
				2CD070531F95E2F800131922 /* Release */,
			);
			defaultConfigurationIsVisible = 0;
			defaultConfigurationName = Release;
		};
/* End XCConfigurationList section */
	};
	rootObject = 2CD070331F95E2F700131922 /* Project object */;
}
