// !$*UTF8*$!
{
	archiveVersion = 1;
	classes = {
	};
	objectVersion = 48;
	objects = {

/* Begin PBXBuildFile section */
		2C6384871F7E407300F95FDF /* AppDelegate.swift in Sources */ = {isa = PBXBuildFile; fileRef = 2C6384861F7E407300F95FDF /* AppDelegate.swift */; };
		2C63848E1F7E407300F95FDF /* Assets.xcassets in Resources */ = {isa = PBXBuildFile; fileRef = 2C63848D1F7E407300F95FDF /* Assets.xcassets */; };
		2C6384A21F7E4D6E00F95FDF /* JLMainViewController.swift in Sources */ = {isa = PBXBuildFile; fileRef = 2C6384A11F7E4D6E00F95FDF /* JLMainViewController.swift */; };
		2C6384A41F7E4D9D00F95FDF /* JLNavigationController.swift in Sources */ = {isa = PBXBuildFile; fileRef = 2C6384A31F7E4D9D00F95FDF /* JLNavigationController.swift */; };
		2C6384A61F7E4DBF00F95FDF /* JLBaseViewController.swift in Sources */ = {isa = PBXBuildFile; fileRef = 2C6384A51F7E4DBF00F95FDF /* JLBaseViewController.swift */; };
		2C6384A81F7E4E0B00F95FDF /* JLHomeViewController.swift in Sources */ = {isa = PBXBuildFile; fileRef = 2C6384A71F7E4E0B00F95FDF /* JLHomeViewController.swift */; };
		2C6384AA1F7E4E3000F95FDF /* JLMessageViewController.swift in Sources */ = {isa = PBXBuildFile; fileRef = 2C6384A91F7E4E3000F95FDF /* JLMessageViewController.swift */; };
		2C6384AC1F7E4E3D00F95FDF /* JLDiscoverViewController.swift in Sources */ = {isa = PBXBuildFile; fileRef = 2C6384AB1F7E4E3D00F95FDF /* JLDiscoverViewController.swift */; };
		2C6384AF1F7E4E7800F95FDF /* JLProfileViewController.swift in Sources */ = {isa = PBXBuildFile; fileRef = 2C6384AE1F7E4E7800F95FDF /* JLProfileViewController.swift */; };
/* End PBXBuildFile section */

/* Begin PBXFileReference section */
		2C6384831F7E407300F95FDF /* JLSina.app */ = {isa = PBXFileReference; explicitFileType = wrapper.application; includeInIndex = 0; path = JLSina.app; sourceTree = BUILT_PRODUCTS_DIR; };
		2C6384861F7E407300F95FDF /* AppDelegate.swift */ = {isa = PBXFileReference; lastKnownFileType = sourcecode.swift; path = AppDelegate.swift; sourceTree = "<group>"; };
		2C63848D1F7E407300F95FDF /* Assets.xcassets */ = {isa = PBXFileReference; lastKnownFileType = folder.assetcatalog; path = Assets.xcassets; sourceTree = "<group>"; };
		2C6384921F7E407300F95FDF /* Info.plist */ = {isa = PBXFileReference; lastKnownFileType = text.plist.xml; path = Info.plist; sourceTree = "<group>"; };
		2C6384A11F7E4D6E00F95FDF /* JLMainViewController.swift */ = {isa = PBXFileReference; lastKnownFileType = sourcecode.swift; path = JLMainViewController.swift; sourceTree = "<group>"; };
		2C6384A31F7E4D9D00F95FDF /* JLNavigationController.swift */ = {isa = PBXFileReference; lastKnownFileType = sourcecode.swift; path = JLNavigationController.swift; sourceTree = "<group>"; };
		2C6384A51F7E4DBF00F95FDF /* JLBaseViewController.swift */ = {isa = PBXFileReference; lastKnownFileType = sourcecode.swift; path = JLBaseViewController.swift; sourceTree = "<group>"; };
		2C6384A71F7E4E0B00F95FDF /* JLHomeViewController.swift */ = {isa = PBXFileReference; lastKnownFileType = sourcecode.swift; path = JLHomeViewController.swift; sourceTree = "<group>"; };
		2C6384A91F7E4E3000F95FDF /* JLMessageViewController.swift */ = {isa = PBXFileReference; lastKnownFileType = sourcecode.swift; path = JLMessageViewController.swift; sourceTree = "<group>"; };
		2C6384AB1F7E4E3D00F95FDF /* JLDiscoverViewController.swift */ = {isa = PBXFileReference; lastKnownFileType = sourcecode.swift; path = JLDiscoverViewController.swift; sourceTree = "<group>"; };
		2C6384AE1F7E4E7800F95FDF /* JLProfileViewController.swift */ = {isa = PBXFileReference; lastKnownFileType = sourcecode.swift; path = JLProfileViewController.swift; sourceTree = "<group>"; };
/* End PBXFileReference section */

/* Begin PBXFrameworksBuildPhase section */
		2C6384801F7E407300F95FDF /* Frameworks */ = {
			isa = PBXFrameworksBuildPhase;
			buildActionMask = 2147483647;
			files = (
			);
			runOnlyForDeploymentPostprocessing = 0;
		};
/* End PBXFrameworksBuildPhase section */

/* Begin PBXGroup section */
		2C63847A1F7E407300F95FDF = {
			isa = PBXGroup;
			children = (
				2C6384851F7E407300F95FDF /* JLSina */,
				2C6384841F7E407300F95FDF /* Products */,
			);
			sourceTree = "<group>";
		};
		2C6384841F7E407300F95FDF /* Products */ = {
			isa = PBXGroup;
			children = (
				2C6384831F7E407300F95FDF /* JLSina.app */,
			);
			name = Products;
			sourceTree = "<group>";
		};
		2C6384851F7E407300F95FDF /* JLSina */ = {
			isa = PBXGroup;
			children = (
				2C6384981F7E4CE800F95FDF /* Classes */,
				2C6384861F7E407300F95FDF /* AppDelegate.swift */,
				2C63848D1F7E407300F95FDF /* Assets.xcassets */,
				2C6384921F7E407300F95FDF /* Info.plist */,
			);
			path = JLSina;
			sourceTree = "<group>";
		};
		2C6384981F7E4CE800F95FDF /* Classes */ = {
			isa = PBXGroup;
			children = (
				2C63849B1F7E4CE800F95FDF /* View(视图和控制器) */,
				2C6384A01F7E4CE800F95FDF /* ViewModel(视图模型) */,
				2C6384991F7E4CE800F95FDF /* Model(模型) */,
				2C63849A1F7E4CE800F95FDF /* Tools(工具) */,
			);
			path = Classes;
			sourceTree = "<group>";
		};
		2C6384991F7E4CE800F95FDF /* Model(模型) */ = {
			isa = PBXGroup;
			children = (
			);
			path = "Model(模型)";
			sourceTree = "<group>";
		};
		2C63849A1F7E4CE800F95FDF /* Tools(工具) */ = {
			isa = PBXGroup;
			children = (
			);
			path = "Tools(工具)";
			sourceTree = "<group>";
		};
		2C63849B1F7E4CE800F95FDF /* View(视图和控制器) */ = {
			isa = PBXGroup;
			children = (
				2C63849E1F7E4CE800F95FDF /* Main */,
				2C6384AD1F7E4E6900F95FDF /* Profile */,
				2C63849C1F7E4CE800F95FDF /* Discover */,
				2C63849D1F7E4CE800F95FDF /* Home */,
				2C63849F1F7E4CE800F95FDF /* Message */,
			);
			path = "View(视图和控制器)";
			sourceTree = "<group>";
		};
		2C63849C1F7E4CE800F95FDF /* Discover */ = {
			isa = PBXGroup;
			children = (
				2C6384AB1F7E4E3D00F95FDF /* JLDiscoverViewController.swift */,
			);
			path = Discover;
			sourceTree = "<group>";
		};
		2C63849D1F7E4CE800F95FDF /* Home */ = {
			isa = PBXGroup;
			children = (
				2C6384A71F7E4E0B00F95FDF /* JLHomeViewController.swift */,
			);
			path = Home;
			sourceTree = "<group>";
		};
		2C63849E1F7E4CE800F95FDF /* Main */ = {
			isa = PBXGroup;
			children = (
				2C6384A11F7E4D6E00F95FDF /* JLMainViewController.swift */,
				2C6384A31F7E4D9D00F95FDF /* JLNavigationController.swift */,
				2C6384A51F7E4DBF00F95FDF /* JLBaseViewController.swift */,
			);
			path = Main;
			sourceTree = "<group>";
		};
		2C63849F1F7E4CE800F95FDF /* Message */ = {
			isa = PBXGroup;
			children = (
				2C6384A91F7E4E3000F95FDF /* JLMessageViewController.swift */,
			);
			path = Message;
			sourceTree = "<group>";
		};
		2C6384A01F7E4CE800F95FDF /* ViewModel(视图模型) */ = {
			isa = PBXGroup;
			children = (
			);
			path = "ViewModel(视图模型)";
			sourceTree = "<group>";
		};
		2C6384AD1F7E4E6900F95FDF /* Profile */ = {
			isa = PBXGroup;
			children = (
				2C6384AE1F7E4E7800F95FDF /* JLProfileViewController.swift */,
			);
			path = Profile;
			sourceTree = "<group>";
		};
/* End PBXGroup section */

/* Begin PBXNativeTarget section */
		2C6384821F7E407300F95FDF /* JLSina */ = {
			isa = PBXNativeTarget;
			buildConfigurationList = 2C6384951F7E407300F95FDF /* Build configuration list for PBXNativeTarget "JLSina" */;
			buildPhases = (
				2C63847F1F7E407300F95FDF /* Sources */,
				2C6384801F7E407300F95FDF /* Frameworks */,
				2C6384811F7E407300F95FDF /* Resources */,
			);
			buildRules = (
			);
			dependencies = (
			);
			name = JLSina;
			productName = JLSina;
			productReference = 2C6384831F7E407300F95FDF /* JLSina.app */;
			productType = "com.apple.product-type.application";
		};
/* End PBXNativeTarget section */

/* Begin PBXProject section */
		2C63847B1F7E407300F95FDF /* Project object */ = {
			isa = PBXProject;
			attributes = {
				CLASSPREFIX = JL;
				LastSwiftUpdateCheck = 0900;
				LastUpgradeCheck = 0900;
				ORGANIZATIONNAME = JinLong;
				TargetAttributes = {
					2C6384821F7E407300F95FDF = {
						CreatedOnToolsVersion = 9.0;
						ProvisioningStyle = Automatic;
					};
				};
			};
			buildConfigurationList = 2C63847E1F7E407300F95FDF /* Build configuration list for PBXProject "JLSina" */;
			compatibilityVersion = "Xcode 8.0";
			developmentRegion = en;
			hasScannedForEncodings = 0;
			knownRegions = (
				en,
				Base,
			);
			mainGroup = 2C63847A1F7E407300F95FDF;
			productRefGroup = 2C6384841F7E407300F95FDF /* Products */;
			projectDirPath = "";
			projectRoot = "";
			targets = (
				2C6384821F7E407300F95FDF /* JLSina */,
			);
		};
/* End PBXProject section */

/* Begin PBXResourcesBuildPhase section */
		2C6384811F7E407300F95FDF /* Resources */ = {
			isa = PBXResourcesBuildPhase;
			buildActionMask = 2147483647;
			files = (
				2C63848E1F7E407300F95FDF /* Assets.xcassets in Resources */,
			);
			runOnlyForDeploymentPostprocessing = 0;
		};
/* End PBXResourcesBuildPhase section */

/* Begin PBXSourcesBuildPhase section */
		2C63847F1F7E407300F95FDF /* Sources */ = {
			isa = PBXSourcesBuildPhase;
			buildActionMask = 2147483647;
			files = (
				2C6384871F7E407300F95FDF /* AppDelegate.swift in Sources */,
				2C6384A81F7E4E0B00F95FDF /* JLHomeViewController.swift in Sources */,
				2C6384A61F7E4DBF00F95FDF /* JLBaseViewController.swift in Sources */,
				2C6384A21F7E4D6E00F95FDF /* JLMainViewController.swift in Sources */,
				2C6384AC1F7E4E3D00F95FDF /* JLDiscoverViewController.swift in Sources */,
				2C6384AA1F7E4E3000F95FDF /* JLMessageViewController.swift in Sources */,
				2C6384AF1F7E4E7800F95FDF /* JLProfileViewController.swift in Sources */,
				2C6384A41F7E4D9D00F95FDF /* JLNavigationController.swift in Sources */,
			);
			runOnlyForDeploymentPostprocessing = 0;
		};
/* End PBXSourcesBuildPhase section */

/* Begin XCBuildConfiguration section */
		2C6384931F7E407300F95FDF /* Debug */ = {
			isa = XCBuildConfiguration;
			buildSettings = {
				ALWAYS_SEARCH_USER_PATHS = NO;
				CLANG_ANALYZER_NONNULL = YES;
				CLANG_ANALYZER_NUMBER_OBJECT_CONVERSION = YES_AGGRESSIVE;
				CLANG_CXX_LANGUAGE_STANDARD = "gnu++14";
				CLANG_CXX_LIBRARY = "libc++";
				CLANG_ENABLE_MODULES = YES;
				CLANG_ENABLE_OBJC_ARC = YES;
				CLANG_WARN_BLOCK_CAPTURE_AUTORELEASING = YES;
				CLANG_WARN_BOOL_CONVERSION = YES;
				CLANG_WARN_COMMA = YES;
				CLANG_WARN_CONSTANT_CONVERSION = YES;
				CLANG_WARN_DIRECT_OBJC_ISA_USAGE = YES_ERROR;
				CLANG_WARN_DOCUMENTATION_COMMENTS = YES;
				CLANG_WARN_EMPTY_BODY = YES;
				CLANG_WARN_ENUM_CONVERSION = YES;
				CLANG_WARN_INFINITE_RECURSION = YES;
				CLANG_WARN_INT_CONVERSION = YES;
				CLANG_WARN_NON_LITERAL_NULL_CONVERSION = YES;
				CLANG_WARN_OBJC_LITERAL_CONVERSION = YES;
				CLANG_WARN_OBJC_ROOT_CLASS = YES_ERROR;
				CLANG_WARN_RANGE_LOOP_ANALYSIS = YES;
				CLANG_WARN_STRICT_PROTOTYPES = YES;
				CLANG_WARN_SUSPICIOUS_MOVE = YES;
				CLANG_WARN_UNGUARDED_AVAILABILITY = YES_AGGRESSIVE;
				CLANG_WARN_UNREACHABLE_CODE = YES;
				CLANG_WARN__DUPLICATE_METHOD_MATCH = YES;
				CODE_SIGN_IDENTITY = "iPhone Developer";
				COPY_PHASE_STRIP = NO;
				DEBUG_INFORMATION_FORMAT = dwarf;
				ENABLE_STRICT_OBJC_MSGSEND = YES;
				ENABLE_TESTABILITY = YES;
				GCC_C_LANGUAGE_STANDARD = gnu11;
				GCC_DYNAMIC_NO_PIC = NO;
				GCC_NO_COMMON_BLOCKS = YES;
				GCC_OPTIMIZATION_LEVEL = 0;
				GCC_PREPROCESSOR_DEFINITIONS = (
					"DEBUG=1",
					"$(inherited)",
				);
				GCC_WARN_64_TO_32_BIT_CONVERSION = YES;
				GCC_WARN_ABOUT_RETURN_TYPE = YES_ERROR;
				GCC_WARN_UNDECLARED_SELECTOR = YES;
				GCC_WARN_UNINITIALIZED_AUTOS = YES_AGGRESSIVE;
				GCC_WARN_UNUSED_FUNCTION = YES;
				GCC_WARN_UNUSED_VARIABLE = YES;
				IPHONEOS_DEPLOYMENT_TARGET = 11.0;
				MTL_ENABLE_DEBUG_INFO = YES;
				ONLY_ACTIVE_ARCH = YES;
				SDKROOT = iphoneos;
				SWIFT_ACTIVE_COMPILATION_CONDITIONS = DEBUG;
				SWIFT_OPTIMIZATION_LEVEL = "-Onone";
			};
			name = Debug;
		};
		2C6384941F7E407300F95FDF /* Release */ = {
			isa = XCBuildConfiguration;
			buildSettings = {
				ALWAYS_SEARCH_USER_PATHS = NO;
				CLANG_ANALYZER_NONNULL = YES;
				CLANG_ANALYZER_NUMBER_OBJECT_CONVERSION = YES_AGGRESSIVE;
				CLANG_CXX_LANGUAGE_STANDARD = "gnu++14";
				CLANG_CXX_LIBRARY = "libc++";
				CLANG_ENABLE_MODULES = YES;
				CLANG_ENABLE_OBJC_ARC = YES;
				CLANG_WARN_BLOCK_CAPTURE_AUTORELEASING = YES;
				CLANG_WARN_BOOL_CONVERSION = YES;
				CLANG_WARN_COMMA = YES;
				CLANG_WARN_CONSTANT_CONVERSION = YES;
				CLANG_WARN_DIRECT_OBJC_ISA_USAGE = YES_ERROR;
				CLANG_WARN_DOCUMENTATION_COMMENTS = YES;
				CLANG_WARN_EMPTY_BODY = YES;
				CLANG_WARN_ENUM_CONVERSION = YES;
				CLANG_WARN_INFINITE_RECURSION = YES;
				CLANG_WARN_INT_CONVERSION = YES;
				CLANG_WARN_NON_LITERAL_NULL_CONVERSION = YES;
				CLANG_WARN_OBJC_LITERAL_CONVERSION = YES;
				CLANG_WARN_OBJC_ROOT_CLASS = YES_ERROR;
				CLANG_WARN_RANGE_LOOP_ANALYSIS = YES;
				CLANG_WARN_STRICT_PROTOTYPES = YES;
				CLANG_WARN_SUSPICIOUS_MOVE = YES;
				CLANG_WARN_UNGUARDED_AVAILABILITY = YES_AGGRESSIVE;
				CLANG_WARN_UNREACHABLE_CODE = YES;
				CLANG_WARN__DUPLICATE_METHOD_MATCH = YES;
				CODE_SIGN_IDENTITY = "iPhone Developer";
				COPY_PHASE_STRIP = NO;
				DEBUG_INFORMATION_FORMAT = "dwarf-with-dsym";
				ENABLE_NS_ASSERTIONS = NO;
				ENABLE_STRICT_OBJC_MSGSEND = YES;
				GCC_C_LANGUAGE_STANDARD = gnu11;
				GCC_NO_COMMON_BLOCKS = YES;
				GCC_WARN_64_TO_32_BIT_CONVERSION = YES;
				GCC_WARN_ABOUT_RETURN_TYPE = YES_ERROR;
				GCC_WARN_UNDECLARED_SELECTOR = YES;
				GCC_WARN_UNINITIALIZED_AUTOS = YES_AGGRESSIVE;
				GCC_WARN_UNUSED_FUNCTION = YES;
				GCC_WARN_UNUSED_VARIABLE = YES;
				IPHONEOS_DEPLOYMENT_TARGET = 11.0;
				MTL_ENABLE_DEBUG_INFO = NO;
				SDKROOT = iphoneos;
				SWIFT_OPTIMIZATION_LEVEL = "-Owholemodule";
				VALIDATE_PRODUCT = YES;
			};
			name = Release;
		};
		2C6384961F7E407300F95FDF /* Debug */ = {
			isa = XCBuildConfiguration;
			buildSettings = {
				ASSETCATALOG_COMPILER_APPICON_NAME = AppIcon;
				ASSETCATALOG_COMPILER_LAUNCHIMAGE_NAME = LaunchImage;
				CODE_SIGN_STYLE = Automatic;
				DEVELOPMENT_TEAM = 4E4939ZHJY;
				INFOPLIST_FILE = JLSina/Info.plist;
				IPHONEOS_DEPLOYMENT_TARGET = 8.0;
				LD_RUNPATH_SEARCH_PATHS = "$(inherited) @executable_path/Frameworks";
				PRODUCT_BUNDLE_IDENTIFIER = hejinlong.JLSina;
				PRODUCT_NAME = "$(TARGET_NAME)";
				SWIFT_VERSION = 4.0;
				TARGETED_DEVICE_FAMILY = 1;
			};
			name = Debug;
		};
		2C6384971F7E407300F95FDF /* Release */ = {
			isa = XCBuildConfiguration;
			buildSettings = {
				ASSETCATALOG_COMPILER_APPICON_NAME = AppIcon;
				ASSETCATALOG_COMPILER_LAUNCHIMAGE_NAME = LaunchImage;
				CODE_SIGN_STYLE = Automatic;
				DEVELOPMENT_TEAM = 4E4939ZHJY;
				INFOPLIST_FILE = JLSina/Info.plist;
				IPHONEOS_DEPLOYMENT_TARGET = 8.0;
				LD_RUNPATH_SEARCH_PATHS = "$(inherited) @executable_path/Frameworks";
				PRODUCT_BUNDLE_IDENTIFIER = hejinlong.JLSina;
				PRODUCT_NAME = "$(TARGET_NAME)";
				SWIFT_VERSION = 4.0;
				TARGETED_DEVICE_FAMILY = 1;
			};
			name = Release;
		};
/* End XCBuildConfiguration section */

/* Begin XCConfigurationList section */
		2C63847E1F7E407300F95FDF /* Build configuration list for PBXProject "JLSina" */ = {
			isa = XCConfigurationList;
			buildConfigurations = (
				2C6384931F7E407300F95FDF /* Debug */,
				2C6384941F7E407300F95FDF /* Release */,
			);
			defaultConfigurationIsVisible = 0;
			defaultConfigurationName = Release;
		};
		2C6384951F7E407300F95FDF /* Build configuration list for PBXNativeTarget "JLSina" */ = {
			isa = XCConfigurationList;
			buildConfigurations = (
				2C6384961F7E407300F95FDF /* Debug */,
				2C6384971F7E407300F95FDF /* Release */,
			);
			defaultConfigurationIsVisible = 0;
			defaultConfigurationName = Release;
		};
/* End XCConfigurationList section */
	};
	rootObject = 2C63847B1F7E407300F95FDF /* Project object */;
}
