// !$*UTF8*$!
{
	archiveVersion = 1;
	classes = {
	};
	objectVersion = 48;
	objects = {

/* Begin PBXBuildFile section */
		2C04A9DC1FAC5B8A00E0B299 /* main.json in Resources */ = {isa = PBXBuildFile; fileRef = 2C04A9DB1FAC5B8A00E0B299 /* main.json */; };
		2C30A6621FB42E3500DF8B46 /* WeiboCommon.swift in Sources */ = {isa = PBXBuildFile; fileRef = 2C30A6611FB42E3500DF8B46 /* WeiboCommon.swift */; };
		2C30A6651FB4309F00DF8B46 /* JLWBOAuthViewController.swift in Sources */ = {isa = PBXBuildFile; fileRef = 2C30A6641FB4309F00DF8B46 /* JLWBOAuthViewController.swift */; };
		2C3777191FAAF2FA00567432 /* JLVisitorView.swift in Sources */ = {isa = PBXBuildFile; fileRef = 2C3777181FAAF2FA00567432 /* JLVisitorView.swift */; };
		2C6384871F7E407300F95FDF /* AppDelegate.swift in Sources */ = {isa = PBXBuildFile; fileRef = 2C6384861F7E407300F95FDF /* AppDelegate.swift */; };
		2C6384A21F7E4D6E00F95FDF /* JLMainViewController.swift in Sources */ = {isa = PBXBuildFile; fileRef = 2C6384A11F7E4D6E00F95FDF /* JLMainViewController.swift */; };
		2C6384A41F7E4D9D00F95FDF /* JLNavigationController.swift in Sources */ = {isa = PBXBuildFile; fileRef = 2C6384A31F7E4D9D00F95FDF /* JLNavigationController.swift */; };
		2C6384A61F7E4DBF00F95FDF /* JLBaseViewController.swift in Sources */ = {isa = PBXBuildFile; fileRef = 2C6384A51F7E4DBF00F95FDF /* JLBaseViewController.swift */; };
		2C6384A81F7E4E0B00F95FDF /* JLHomeViewController.swift in Sources */ = {isa = PBXBuildFile; fileRef = 2C6384A71F7E4E0B00F95FDF /* JLHomeViewController.swift */; };
		2C6384AA1F7E4E3000F95FDF /* JLMessageViewController.swift in Sources */ = {isa = PBXBuildFile; fileRef = 2C6384A91F7E4E3000F95FDF /* JLMessageViewController.swift */; };
		2C6384AC1F7E4E3D00F95FDF /* JLDiscoverViewController.swift in Sources */ = {isa = PBXBuildFile; fileRef = 2C6384AB1F7E4E3D00F95FDF /* JLDiscoverViewController.swift */; };
		2C6384AF1F7E4E7800F95FDF /* JLProfileViewController.swift in Sources */ = {isa = PBXBuildFile; fileRef = 2C6384AE1F7E4E7800F95FDF /* JLProfileViewController.swift */; };
		2C876BBC1FB5A95900A5CB39 /* YYModel.framework in Frameworks */ = {isa = PBXBuildFile; fileRef = 2C876BBD1FB5A95900A5CB39 /* YYModel.framework */; };
		2C876BBE1FB5AB3700A5CB39 /* AFNetworking.framework in Frameworks */ = {isa = PBXBuildFile; fileRef = 2C876BC31FB5AB3700A5CB39 /* AFNetworking.framework */; };
		2C876BBF1FB5AB3700A5CB39 /* FMDB.framework in Frameworks */ = {isa = PBXBuildFile; fileRef = 2C876BC41FB5AB3700A5CB39 /* FMDB.framework */; };
		2C876BC01FB5AB3700A5CB39 /* pop.framework in Frameworks */ = {isa = PBXBuildFile; fileRef = 2C876BC51FB5AB3700A5CB39 /* pop.framework */; };
		2C876BC11FB5AB3700A5CB39 /* SDWebImage.framework in Frameworks */ = {isa = PBXBuildFile; fileRef = 2C876BC61FB5AB3700A5CB39 /* SDWebImage.framework */; };
		2C876BC21FB5AB3700A5CB39 /* SVProgressHUD.framework in Frameworks */ = {isa = PBXBuildFile; fileRef = 2C876BC71FB5AB3700A5CB39 /* SVProgressHUD.framework */; };
		2C876BCA1FB5EEFA00A5CB39 /* JLUserAccount.swift in Sources */ = {isa = PBXBuildFile; fileRef = 2C876BC91FB5EEFA00A5CB39 /* JLUserAccount.swift */; };
		2CAAB5441FA814DA0021B432 /* Bundle+Extensions.swift in Sources */ = {isa = PBXBuildFile; fileRef = 2CAAB5431FA814DA0021B432 /* Bundle+Extensions.swift */; };
		2CAAB55F1FA821A70021B432 /* NSArray+Log.m in Sources */ = {isa = PBXBuildFile; fileRef = 2CAAB5481FA821A70021B432 /* NSArray+Log.m */; };
		2CAAB5601FA821A70021B432 /* NSAttributedString+CZAdditon.m in Sources */ = {isa = PBXBuildFile; fileRef = 2CAAB54A1FA821A70021B432 /* NSAttributedString+CZAdditon.m */; };
		2CAAB5611FA821A70021B432 /* NSObject+CZRuntime.m in Sources */ = {isa = PBXBuildFile; fileRef = 2CAAB54C1FA821A70021B432 /* NSObject+CZRuntime.m */; };
		2CAAB5621FA821A70021B432 /* NSString+CZBase64.m in Sources */ = {isa = PBXBuildFile; fileRef = 2CAAB54E1FA821A70021B432 /* NSString+CZBase64.m */; };
		2CAAB5631FA821A70021B432 /* NSString+CZHash.m in Sources */ = {isa = PBXBuildFile; fileRef = 2CAAB5501FA821A70021B432 /* NSString+CZHash.m */; };
		2CAAB5641FA821A70021B432 /* NSString+CZPath.m in Sources */ = {isa = PBXBuildFile; fileRef = 2CAAB5521FA821A70021B432 /* NSString+CZPath.m */; };
		2CAAB5651FA821A70021B432 /* UIButton+CZAddition.m in Sources */ = {isa = PBXBuildFile; fileRef = 2CAAB5541FA821A70021B432 /* UIButton+CZAddition.m */; };
		2CAAB5661FA821A70021B432 /* UIColor+CZAddition.m in Sources */ = {isa = PBXBuildFile; fileRef = 2CAAB5561FA821A70021B432 /* UIColor+CZAddition.m */; };
		2CAAB5671FA821A70021B432 /* UILabel+CZAddition.m in Sources */ = {isa = PBXBuildFile; fileRef = 2CAAB5581FA821A70021B432 /* UILabel+CZAddition.m */; };
		2CAAB5681FA821A70021B432 /* UIScreen+CZAddition.m in Sources */ = {isa = PBXBuildFile; fileRef = 2CAAB55A1FA821A70021B432 /* UIScreen+CZAddition.m */; };
		2CAAB5691FA821A70021B432 /* UIView+CZAddition.m in Sources */ = {isa = PBXBuildFile; fileRef = 2CAAB55C1FA821A70021B432 /* UIView+CZAddition.m */; };
		2CAAB56A1FA821A70021B432 /* UIViewController+CZAddition.m in Sources */ = {isa = PBXBuildFile; fileRef = 2CAAB55E1FA821A70021B432 /* UIViewController+CZAddition.m */; };
		2CAAB56C1FA826C20021B432 /* Images.xcassets in Resources */ = {isa = PBXBuildFile; fileRef = 2CAAB56B1FA826C20021B432 /* Images.xcassets */; };
		2CAAB56F1FA84FAC0021B432 /* JLDemoViewController.swift in Sources */ = {isa = PBXBuildFile; fileRef = 2CAAB56E1FA84FAC0021B432 /* JLDemoViewController.swift */; };
		2CAAB5711FA85CEC0021B432 /* UIBarButtonItem+Extension.swift in Sources */ = {isa = PBXBuildFile; fileRef = 2CAAB5701FA85CEC0021B432 /* UIBarButtonItem+Extension.swift */; };
		2CB564191FB06670005FDA84 /* JLNetworkManager.swift in Sources */ = {isa = PBXBuildFile; fileRef = 2CB564181FB06670005FDA84 /* JLNetworkManager.swift */; };
		2CD104BB1FB93A2000116BFC /* JLTitleButton.swift in Sources */ = {isa = PBXBuildFile; fileRef = 2CD104BA1FB93A2000116BFC /* JLTitleButton.swift */; };
		2CFDC35A1FB150F2003F60E6 /* JLNetworkManager+Extension.swift in Sources */ = {isa = PBXBuildFile; fileRef = 2CFDC3591FB150F2003F60E6 /* JLNetworkManager+Extension.swift */; };
		2CFDC35C1FB17DFE003F60E6 /* JLStatus.swift in Sources */ = {isa = PBXBuildFile; fileRef = 2CFDC35B1FB17DFE003F60E6 /* JLStatus.swift */; };
		2CFDC3601FB18196003F60E6 /* JLStatusListViewModel.swift in Sources */ = {isa = PBXBuildFile; fileRef = 2CFDC35F1FB18196003F60E6 /* JLStatusListViewModel.swift */; };
		648011F3CB87C67EBF1F3A55 /* Pods_JLSina.framework in Frameworks */ = {isa = PBXBuildFile; fileRef = FABA53401303D76B710F8ABD /* Pods_JLSina.framework */; settings = {ATTRIBUTES = (Required, ); }; };
/* End PBXBuildFile section */

/* Begin PBXFileReference section */
		2C04A9DB1FAC5B8A00E0B299 /* main.json */ = {isa = PBXFileReference; fileEncoding = 4; lastKnownFileType = text.json; path = main.json; sourceTree = "<group>"; };
		2C30A6611FB42E3500DF8B46 /* WeiboCommon.swift */ = {isa = PBXFileReference; lastKnownFileType = sourcecode.swift; path = WeiboCommon.swift; sourceTree = "<group>"; };
		2C30A6641FB4309F00DF8B46 /* JLWBOAuthViewController.swift */ = {isa = PBXFileReference; lastKnownFileType = sourcecode.swift; path = JLWBOAuthViewController.swift; sourceTree = "<group>"; };
		2C3777181FAAF2FA00567432 /* JLVisitorView.swift */ = {isa = PBXFileReference; lastKnownFileType = sourcecode.swift; path = JLVisitorView.swift; sourceTree = "<group>"; };
		2C6384831F7E407300F95FDF /* JLSina.app */ = {isa = PBXFileReference; explicitFileType = wrapper.application; includeInIndex = 0; path = JLSina.app; sourceTree = BUILT_PRODUCTS_DIR; };
		2C6384861F7E407300F95FDF /* AppDelegate.swift */ = {isa = PBXFileReference; lastKnownFileType = sourcecode.swift; path = AppDelegate.swift; sourceTree = "<group>"; };
		2C6384921F7E407300F95FDF /* Info.plist */ = {isa = PBXFileReference; lastKnownFileType = text.plist.xml; path = Info.plist; sourceTree = "<group>"; };
		2C6384A11F7E4D6E00F95FDF /* JLMainViewController.swift */ = {isa = PBXFileReference; lastKnownFileType = sourcecode.swift; path = JLMainViewController.swift; sourceTree = "<group>"; };
		2C6384A31F7E4D9D00F95FDF /* JLNavigationController.swift */ = {isa = PBXFileReference; lastKnownFileType = sourcecode.swift; path = JLNavigationController.swift; sourceTree = "<group>"; };
		2C6384A51F7E4DBF00F95FDF /* JLBaseViewController.swift */ = {isa = PBXFileReference; lastKnownFileType = sourcecode.swift; path = JLBaseViewController.swift; sourceTree = "<group>"; };
		2C6384A71F7E4E0B00F95FDF /* JLHomeViewController.swift */ = {isa = PBXFileReference; lastKnownFileType = sourcecode.swift; path = JLHomeViewController.swift; sourceTree = "<group>"; };
		2C6384A91F7E4E3000F95FDF /* JLMessageViewController.swift */ = {isa = PBXFileReference; lastKnownFileType = sourcecode.swift; path = JLMessageViewController.swift; sourceTree = "<group>"; };
		2C6384AB1F7E4E3D00F95FDF /* JLDiscoverViewController.swift */ = {isa = PBXFileReference; lastKnownFileType = sourcecode.swift; path = JLDiscoverViewController.swift; sourceTree = "<group>"; };
		2C6384AE1F7E4E7800F95FDF /* JLProfileViewController.swift */ = {isa = PBXFileReference; lastKnownFileType = sourcecode.swift; path = JLProfileViewController.swift; sourceTree = "<group>"; };
		2C876BBD1FB5A95900A5CB39 /* YYModel.framework */ = {isa = PBXFileReference; explicitFileType = wrapper.framework; path = YYModel.framework; sourceTree = BUILT_PRODUCTS_DIR; };
		2C876BC31FB5AB3700A5CB39 /* AFNetworking.framework */ = {isa = PBXFileReference; explicitFileType = wrapper.framework; path = AFNetworking.framework; sourceTree = BUILT_PRODUCTS_DIR; };
		2C876BC41FB5AB3700A5CB39 /* FMDB.framework */ = {isa = PBXFileReference; explicitFileType = wrapper.framework; path = FMDB.framework; sourceTree = BUILT_PRODUCTS_DIR; };
		2C876BC51FB5AB3700A5CB39 /* pop.framework */ = {isa = PBXFileReference; explicitFileType = wrapper.framework; path = pop.framework; sourceTree = BUILT_PRODUCTS_DIR; };
		2C876BC61FB5AB3700A5CB39 /* SDWebImage.framework */ = {isa = PBXFileReference; explicitFileType = wrapper.framework; path = SDWebImage.framework; sourceTree = BUILT_PRODUCTS_DIR; };
		2C876BC71FB5AB3700A5CB39 /* SVProgressHUD.framework */ = {isa = PBXFileReference; explicitFileType = wrapper.framework; path = SVProgressHUD.framework; sourceTree = BUILT_PRODUCTS_DIR; };
		2C876BC91FB5EEFA00A5CB39 /* JLUserAccount.swift */ = {isa = PBXFileReference; fileEncoding = 4; lastKnownFileType = sourcecode.swift; path = JLUserAccount.swift; sourceTree = "<group>"; };
		2C8E1D471F7F3EC1000365A3 /* JLSina-Bridging-Header.h */ = {isa = PBXFileReference; lastKnownFileType = sourcecode.c.h; path = "JLSina-Bridging-Header.h"; sourceTree = "<group>"; };
		2CAAB5431FA814DA0021B432 /* Bundle+Extensions.swift */ = {isa = PBXFileReference; lastKnownFileType = sourcecode.swift; path = "Bundle+Extensions.swift"; sourceTree = "<group>"; };
		2CAAB5461FA821A70021B432 /* CZAdditions.h */ = {isa = PBXFileReference; fileEncoding = 4; lastKnownFileType = sourcecode.c.h; path = CZAdditions.h; sourceTree = "<group>"; };
		2CAAB5471FA821A70021B432 /* NSArray+Log.h */ = {isa = PBXFileReference; fileEncoding = 4; lastKnownFileType = sourcecode.c.h; path = "NSArray+Log.h"; sourceTree = "<group>"; };
		2CAAB5481FA821A70021B432 /* NSArray+Log.m */ = {isa = PBXFileReference; fileEncoding = 4; lastKnownFileType = sourcecode.c.objc; path = "NSArray+Log.m"; sourceTree = "<group>"; };
		2CAAB5491FA821A70021B432 /* NSAttributedString+CZAdditon.h */ = {isa = PBXFileReference; fileEncoding = 4; lastKnownFileType = sourcecode.c.h; path = "NSAttributedString+CZAdditon.h"; sourceTree = "<group>"; };
		2CAAB54A1FA821A70021B432 /* NSAttributedString+CZAdditon.m */ = {isa = PBXFileReference; fileEncoding = 4; lastKnownFileType = sourcecode.c.objc; path = "NSAttributedString+CZAdditon.m"; sourceTree = "<group>"; };
		2CAAB54B1FA821A70021B432 /* NSObject+CZRuntime.h */ = {isa = PBXFileReference; fileEncoding = 4; lastKnownFileType = sourcecode.c.h; path = "NSObject+CZRuntime.h"; sourceTree = "<group>"; };
		2CAAB54C1FA821A70021B432 /* NSObject+CZRuntime.m */ = {isa = PBXFileReference; fileEncoding = 4; lastKnownFileType = sourcecode.c.objc; path = "NSObject+CZRuntime.m"; sourceTree = "<group>"; };
		2CAAB54D1FA821A70021B432 /* NSString+CZBase64.h */ = {isa = PBXFileReference; fileEncoding = 4; lastKnownFileType = sourcecode.c.h; path = "NSString+CZBase64.h"; sourceTree = "<group>"; };
		2CAAB54E1FA821A70021B432 /* NSString+CZBase64.m */ = {isa = PBXFileReference; fileEncoding = 4; lastKnownFileType = sourcecode.c.objc; path = "NSString+CZBase64.m"; sourceTree = "<group>"; };
		2CAAB54F1FA821A70021B432 /* NSString+CZHash.h */ = {isa = PBXFileReference; fileEncoding = 4; lastKnownFileType = sourcecode.c.h; path = "NSString+CZHash.h"; sourceTree = "<group>"; };
		2CAAB5501FA821A70021B432 /* NSString+CZHash.m */ = {isa = PBXFileReference; fileEncoding = 4; lastKnownFileType = sourcecode.c.objc; path = "NSString+CZHash.m"; sourceTree = "<group>"; };
		2CAAB5511FA821A70021B432 /* NSString+CZPath.h */ = {isa = PBXFileReference; fileEncoding = 4; lastKnownFileType = sourcecode.c.h; path = "NSString+CZPath.h"; sourceTree = "<group>"; };
		2CAAB5521FA821A70021B432 /* NSString+CZPath.m */ = {isa = PBXFileReference; fileEncoding = 4; lastKnownFileType = sourcecode.c.objc; path = "NSString+CZPath.m"; sourceTree = "<group>"; };
		2CAAB5531FA821A70021B432 /* UIButton+CZAddition.h */ = {isa = PBXFileReference; fileEncoding = 4; lastKnownFileType = sourcecode.c.h; path = "UIButton+CZAddition.h"; sourceTree = "<group>"; };
		2CAAB5541FA821A70021B432 /* UIButton+CZAddition.m */ = {isa = PBXFileReference; fileEncoding = 4; lastKnownFileType = sourcecode.c.objc; path = "UIButton+CZAddition.m"; sourceTree = "<group>"; };
		2CAAB5551FA821A70021B432 /* UIColor+CZAddition.h */ = {isa = PBXFileReference; fileEncoding = 4; lastKnownFileType = sourcecode.c.h; path = "UIColor+CZAddition.h"; sourceTree = "<group>"; };
		2CAAB5561FA821A70021B432 /* UIColor+CZAddition.m */ = {isa = PBXFileReference; fileEncoding = 4; lastKnownFileType = sourcecode.c.objc; path = "UIColor+CZAddition.m"; sourceTree = "<group>"; };
		2CAAB5571FA821A70021B432 /* UILabel+CZAddition.h */ = {isa = PBXFileReference; fileEncoding = 4; lastKnownFileType = sourcecode.c.h; path = "UILabel+CZAddition.h"; sourceTree = "<group>"; };
		2CAAB5581FA821A70021B432 /* UILabel+CZAddition.m */ = {isa = PBXFileReference; fileEncoding = 4; lastKnownFileType = sourcecode.c.objc; path = "UILabel+CZAddition.m"; sourceTree = "<group>"; };
		2CAAB5591FA821A70021B432 /* UIScreen+CZAddition.h */ = {isa = PBXFileReference; fileEncoding = 4; lastKnownFileType = sourcecode.c.h; path = "UIScreen+CZAddition.h"; sourceTree = "<group>"; };
		2CAAB55A1FA821A70021B432 /* UIScreen+CZAddition.m */ = {isa = PBXFileReference; fileEncoding = 4; lastKnownFileType = sourcecode.c.objc; path = "UIScreen+CZAddition.m"; sourceTree = "<group>"; };
		2CAAB55B1FA821A70021B432 /* UIView+CZAddition.h */ = {isa = PBXFileReference; fileEncoding = 4; lastKnownFileType = sourcecode.c.h; path = "UIView+CZAddition.h"; sourceTree = "<group>"; };
		2CAAB55C1FA821A70021B432 /* UIView+CZAddition.m */ = {isa = PBXFileReference; fileEncoding = 4; lastKnownFileType = sourcecode.c.objc; path = "UIView+CZAddition.m"; sourceTree = "<group>"; };
		2CAAB55D1FA821A70021B432 /* UIViewController+CZAddition.h */ = {isa = PBXFileReference; fileEncoding = 4; lastKnownFileType = sourcecode.c.h; path = "UIViewController+CZAddition.h"; sourceTree = "<group>"; };
		2CAAB55E1FA821A70021B432 /* UIViewController+CZAddition.m */ = {isa = PBXFileReference; fileEncoding = 4; lastKnownFileType = sourcecode.c.objc; path = "UIViewController+CZAddition.m"; sourceTree = "<group>"; };
		2CAAB56B1FA826C20021B432 /* Images.xcassets */ = {isa = PBXFileReference; lastKnownFileType = folder.assetcatalog; path = Images.xcassets; sourceTree = "<group>"; };
		2CAAB56E1FA84FAC0021B432 /* JLDemoViewController.swift */ = {isa = PBXFileReference; lastKnownFileType = sourcecode.swift; path = JLDemoViewController.swift; sourceTree = "<group>"; };
		2CAAB5701FA85CEC0021B432 /* UIBarButtonItem+Extension.swift */ = {isa = PBXFileReference; lastKnownFileType = sourcecode.swift; path = "UIBarButtonItem+Extension.swift"; sourceTree = "<group>"; };
		2CB564181FB06670005FDA84 /* JLNetworkManager.swift */ = {isa = PBXFileReference; lastKnownFileType = sourcecode.swift; path = JLNetworkManager.swift; sourceTree = "<group>"; };
		2CD104BA1FB93A2000116BFC /* JLTitleButton.swift */ = {isa = PBXFileReference; lastKnownFileType = sourcecode.swift; path = JLTitleButton.swift; sourceTree = "<group>"; };
		2CFDC3591FB150F2003F60E6 /* JLNetworkManager+Extension.swift */ = {isa = PBXFileReference; lastKnownFileType = sourcecode.swift; path = "JLNetworkManager+Extension.swift"; sourceTree = "<group>"; };
		2CFDC35B1FB17DFE003F60E6 /* JLStatus.swift */ = {isa = PBXFileReference; lastKnownFileType = sourcecode.swift; path = JLStatus.swift; sourceTree = "<group>"; };
		2CFDC35F1FB18196003F60E6 /* JLStatusListViewModel.swift */ = {isa = PBXFileReference; lastKnownFileType = sourcecode.swift; path = JLStatusListViewModel.swift; sourceTree = "<group>"; };
		3D46ADFD21A0D0BD58ADF3D6 /* Pods-JLSina.debug.xcconfig */ = {isa = PBXFileReference; includeInIndex = 1; lastKnownFileType = text.xcconfig; name = "Pods-JLSina.debug.xcconfig"; path = "Pods/Target Support Files/Pods-JLSina/Pods-JLSina.debug.xcconfig"; sourceTree = "<group>"; };
		A8F3107D5E28CDE37CF5AD78 /* Pods-JLSina.release.xcconfig */ = {isa = PBXFileReference; includeInIndex = 1; lastKnownFileType = text.xcconfig; name = "Pods-JLSina.release.xcconfig"; path = "Pods/Target Support Files/Pods-JLSina/Pods-JLSina.release.xcconfig"; sourceTree = "<group>"; };
		FABA53401303D76B710F8ABD /* Pods_JLSina.framework */ = {isa = PBXFileReference; explicitFileType = wrapper.framework; includeInIndex = 0; path = Pods_JLSina.framework; sourceTree = BUILT_PRODUCTS_DIR; };
/* End PBXFileReference section */

/* Begin PBXFrameworksBuildPhase section */
		2C6384801F7E407300F95FDF /* Frameworks */ = {
			isa = PBXFrameworksBuildPhase;
			buildActionMask = 2147483647;
			files = (
				2C876BBE1FB5AB3700A5CB39 /* AFNetworking.framework in Frameworks */,
				2C876BBF1FB5AB3700A5CB39 /* FMDB.framework in Frameworks */,
				2C876BC01FB5AB3700A5CB39 /* pop.framework in Frameworks */,
				2C876BC11FB5AB3700A5CB39 /* SDWebImage.framework in Frameworks */,
				2C876BC21FB5AB3700A5CB39 /* SVProgressHUD.framework in Frameworks */,
				2C876BBC1FB5A95900A5CB39 /* YYModel.framework in Frameworks */,
				648011F3CB87C67EBF1F3A55 /* Pods_JLSina.framework in Frameworks */,
			);
			runOnlyForDeploymentPostprocessing = 0;
		};
/* End PBXFrameworksBuildPhase section */

/* Begin PBXGroup section */
		10181048945562EBA6BC2888 /* Frameworks */ = {
			isa = PBXGroup;
			children = (
				2C876BC31FB5AB3700A5CB39 /* AFNetworking.framework */,
				2C876BC41FB5AB3700A5CB39 /* FMDB.framework */,
				2C876BC51FB5AB3700A5CB39 /* pop.framework */,
				2C876BC61FB5AB3700A5CB39 /* SDWebImage.framework */,
				2C876BC71FB5AB3700A5CB39 /* SVProgressHUD.framework */,
				2C876BBD1FB5A95900A5CB39 /* YYModel.framework */,
				FABA53401303D76B710F8ABD /* Pods_JLSina.framework */,
			);
			name = Frameworks;
			sourceTree = "<group>";
		};
		2C1D343D1F8F05F90036902A /* Extensions */ = {
			isa = PBXGroup;
			children = (
				2CAAB5431FA814DA0021B432 /* Bundle+Extensions.swift */,
				2CAAB5701FA85CEC0021B432 /* UIBarButtonItem+Extension.swift */,
			);
			path = Extensions;
			sourceTree = "<group>";
		};
		2C2FE0911FA9C06E006BAA9C /* 主控制器 */ = {
			isa = PBXGroup;
			children = (
				2C04A9DB1FAC5B8A00E0B299 /* main.json */,
				2C6384A11F7E4D6E00F95FDF /* JLMainViewController.swift */,
				2C6384A31F7E4D9D00F95FDF /* JLNavigationController.swift */,
			);
			path = "主控制器";
			sourceTree = "<group>";
		};
		2C30A6631FB4307C00DF8B46 /* OAuth */ = {
			isa = PBXGroup;
			children = (
				2C30A6641FB4309F00DF8B46 /* JLWBOAuthViewController.swift */,
			);
			name = OAuth;
			path = Main/OAuth;
			sourceTree = "<group>";
		};
		2C3777171FAAF2B600567432 /* VisitorView */ = {
			isa = PBXGroup;
			children = (
				2C3777181FAAF2FA00567432 /* JLVisitorView.swift */,
			);
			path = VisitorView;
			sourceTree = "<group>";
		};
		2C63847A1F7E407300F95FDF = {
			isa = PBXGroup;
			children = (
				2C6384851F7E407300F95FDF /* JLSina */,
				2C6384841F7E407300F95FDF /* Products */,
				8B8E5651BF232DC0AAA02B18 /* Pods */,
				10181048945562EBA6BC2888 /* Frameworks */,
			);
			sourceTree = "<group>";
		};
		2C6384841F7E407300F95FDF /* Products */ = {
			isa = PBXGroup;
			children = (
				2C6384831F7E407300F95FDF /* JLSina.app */,
			);
			name = Products;
			sourceTree = "<group>";
		};
		2C6384851F7E407300F95FDF /* JLSina */ = {
			isa = PBXGroup;
			children = (
				2C6384981F7E4CE800F95FDF /* Classes */,
				2C6384861F7E407300F95FDF /* AppDelegate.swift */,
				2C8E1D471F7F3EC1000365A3 /* JLSina-Bridging-Header.h */,
				2C6384921F7E407300F95FDF /* Info.plist */,
				2CAAB56B1FA826C20021B432 /* Images.xcassets */,
			);
			path = JLSina;
			sourceTree = "<group>";
		};
		2C6384981F7E4CE800F95FDF /* Classes */ = {
			isa = PBXGroup;
			children = (
				2C63849B1F7E4CE800F95FDF /* View(视图和控制器) */,
				2C6384A01F7E4CE800F95FDF /* ViewModel(视图模型) */,
				2C6384991F7E4CE800F95FDF /* Model(模型) */,
				2C63849A1F7E4CE800F95FDF /* Tools(工具) */,
			);
			path = Classes;
			sourceTree = "<group>";
		};
		2C6384991F7E4CE800F95FDF /* Model(模型) */ = {
			isa = PBXGroup;
			children = (
				2CFDC35B1FB17DFE003F60E6 /* JLStatus.swift */,
			);
			path = "Model(模型)";
			sourceTree = "<group>";
		};
		2C63849A1F7E4CE800F95FDF /* Tools(工具) */ = {
			isa = PBXGroup;
			children = (
				2CB564171FB0662F005FDA84 /* Network */,
				2CAAB5451FA821A70021B432 /* Additions */,
				2C1D343D1F8F05F90036902A /* Extensions */,
				2C30A6611FB42E3500DF8B46 /* WeiboCommon.swift */,
			);
			path = "Tools(工具)";
			sourceTree = "<group>";
		};
		2C63849B1F7E4CE800F95FDF /* View(视图和控制器) */ = {
			isa = PBXGroup;
			children = (
				2C30A6631FB4307C00DF8B46 /* OAuth */,
				2C63849E1F7E4CE800F95FDF /* Main */,
				2C6384AD1F7E4E6900F95FDF /* Profile */,
				2C63849C1F7E4CE800F95FDF /* Discover */,
				2C63849D1F7E4CE800F95FDF /* Home */,
				2C63849F1F7E4CE800F95FDF /* Message */,
			);
			path = "View(视图和控制器)";
			sourceTree = "<group>";
		};
		2C63849C1F7E4CE800F95FDF /* Discover */ = {
			isa = PBXGroup;
			children = (
				2C6384AB1F7E4E3D00F95FDF /* JLDiscoverViewController.swift */,
			);
			path = Discover;
			sourceTree = "<group>";
		};
		2C63849D1F7E4CE800F95FDF /* Home */ = {
			isa = PBXGroup;
			children = (
				2CD104B91FB93A0900116BFC /* TitleButton */,
				2C6384A71F7E4E0B00F95FDF /* JLHomeViewController.swift */,
			);
			path = Home;
			sourceTree = "<group>";
		};
		2C63849E1F7E4CE800F95FDF /* Main */ = {
			isa = PBXGroup;
			children = (
				2CD104BC1FB9454F00116BFC /* NewFeature */,
				2C2FE0911FA9C06E006BAA9C /* 主控制器 */,
				2C3777171FAAF2B600567432 /* VisitorView */,
				2CAAB56D1FA84F6A0021B432 /* 测试 */,
				2C6384A51F7E4DBF00F95FDF /* JLBaseViewController.swift */,
			);
			path = Main;
			sourceTree = "<group>";
		};
		2C63849F1F7E4CE800F95FDF /* Message */ = {
			isa = PBXGroup;
			children = (
				2C6384A91F7E4E3000F95FDF /* JLMessageViewController.swift */,
			);
			path = Message;
			sourceTree = "<group>";
		};
		2C6384A01F7E4CE800F95FDF /* ViewModel(视图模型) */ = {
			isa = PBXGroup;
			children = (
				2CFDC35F1FB18196003F60E6 /* JLStatusListViewModel.swift */,
			);
			path = "ViewModel(视图模型)";
			sourceTree = "<group>";
		};
		2C6384AD1F7E4E6900F95FDF /* Profile */ = {
			isa = PBXGroup;
			children = (
				2C6384AE1F7E4E7800F95FDF /* JLProfileViewController.swift */,
			);
			path = Profile;
			sourceTree = "<group>";
		};
		2C876BC81FB5EEFA00A5CB39 /* Model */ = {
			isa = PBXGroup;
			children = (
				2C876BC91FB5EEFA00A5CB39 /* JLUserAccount.swift */,
			);
			path = Model;
			sourceTree = "<group>";
		};
		2CAAB5451FA821A70021B432 /* Additions */ = {
			isa = PBXGroup;
			children = (
				2CAAB5461FA821A70021B432 /* CZAdditions.h */,
				2CAAB5471FA821A70021B432 /* NSArray+Log.h */,
				2CAAB5481FA821A70021B432 /* NSArray+Log.m */,
				2CAAB5491FA821A70021B432 /* NSAttributedString+CZAdditon.h */,
				2CAAB54A1FA821A70021B432 /* NSAttributedString+CZAdditon.m */,
				2CAAB54B1FA821A70021B432 /* NSObject+CZRuntime.h */,
				2CAAB54C1FA821A70021B432 /* NSObject+CZRuntime.m */,
				2CAAB54D1FA821A70021B432 /* NSString+CZBase64.h */,
				2CAAB54E1FA821A70021B432 /* NSString+CZBase64.m */,
				2CAAB54F1FA821A70021B432 /* NSString+CZHash.h */,
				2CAAB5501FA821A70021B432 /* NSString+CZHash.m */,
				2CAAB5511FA821A70021B432 /* NSString+CZPath.h */,
				2CAAB5521FA821A70021B432 /* NSString+CZPath.m */,
				2CAAB5531FA821A70021B432 /* UIButton+CZAddition.h */,
				2CAAB5541FA821A70021B432 /* UIButton+CZAddition.m */,
				2CAAB5551FA821A70021B432 /* UIColor+CZAddition.h */,
				2CAAB5561FA821A70021B432 /* UIColor+CZAddition.m */,
				2CAAB5571FA821A70021B432 /* UILabel+CZAddition.h */,
				2CAAB5581FA821A70021B432 /* UILabel+CZAddition.m */,
				2CAAB5591FA821A70021B432 /* UIScreen+CZAddition.h */,
				2CAAB55A1FA821A70021B432 /* UIScreen+CZAddition.m */,
				2CAAB55B1FA821A70021B432 /* UIView+CZAddition.h */,
				2CAAB55C1FA821A70021B432 /* UIView+CZAddition.m */,
				2CAAB55D1FA821A70021B432 /* UIViewController+CZAddition.h */,
				2CAAB55E1FA821A70021B432 /* UIViewController+CZAddition.m */,
			);
			path = Additions;
			sourceTree = "<group>";
		};
		2CAAB56D1FA84F6A0021B432 /* 测试 */ = {
			isa = PBXGroup;
			children = (
				2CAAB56E1FA84FAC0021B432 /* JLDemoViewController.swift */,
			);
			path = "测试";
			sourceTree = "<group>";
		};
		2CB564171FB0662F005FDA84 /* Network */ = {
			isa = PBXGroup;
			children = (
				2C876BC81FB5EEFA00A5CB39 /* Model */,
				2CB564181FB06670005FDA84 /* JLNetworkManager.swift */,
				2CFDC3591FB150F2003F60E6 /* JLNetworkManager+Extension.swift */,
			);
			path = Network;
			sourceTree = "<group>";
		};
		2CD104B91FB93A0900116BFC /* TitleButton */ = {
			isa = PBXGroup;
			children = (
				2CD104BA1FB93A2000116BFC /* JLTitleButton.swift */,
			);
			path = TitleButton;
			sourceTree = "<group>";
		};
		2CD104BC1FB9454F00116BFC /* NewFeature */ = {
			isa = PBXGroup;
			children = (
			);
			path = NewFeature;
			sourceTree = "<group>";
		};
		8B8E5651BF232DC0AAA02B18 /* Pods */ = {
			isa = PBXGroup;
			children = (
				3D46ADFD21A0D0BD58ADF3D6 /* Pods-JLSina.debug.xcconfig */,
				A8F3107D5E28CDE37CF5AD78 /* Pods-JLSina.release.xcconfig */,
			);
			name = Pods;
			sourceTree = "<group>";
		};
/* End PBXGroup section */

/* Begin PBXNativeTarget section */
		2C6384821F7E407300F95FDF /* JLSina */ = {
			isa = PBXNativeTarget;
			buildConfigurationList = 2C6384951F7E407300F95FDF /* Build configuration list for PBXNativeTarget "JLSina" */;
			buildPhases = (
				629BBA1ABF1715F517FA3404 /* [CP] Check Pods Manifest.lock */,
				2C63847F1F7E407300F95FDF /* Sources */,
				2C6384801F7E407300F95FDF /* Frameworks */,
				2C6384811F7E407300F95FDF /* Resources */,
				62BF5F7E70EBD3AE6985A387 /* [CP] Embed Pods Frameworks */,
				5F90BFF888FFD325043950BA /* [CP] Copy Pods Resources */,
			);
			buildRules = (
			);
			dependencies = (
			);
			name = JLSina;
			productName = JLSina;
			productReference = 2C6384831F7E407300F95FDF /* JLSina.app */;
			productType = "com.apple.product-type.application";
		};
/* End PBXNativeTarget section */

/* Begin PBXProject section */
		2C63847B1F7E407300F95FDF /* Project object */ = {
			isa = PBXProject;
			attributes = {
				CLASSPREFIX = JL;
				LastSwiftUpdateCheck = 0900;
				LastUpgradeCheck = 0900;
				ORGANIZATIONNAME = JinLong;
				TargetAttributes = {
					2C6384821F7E407300F95FDF = {
						CreatedOnToolsVersion = 9.0;
						LastSwiftMigration = 0900;
						ProvisioningStyle = Automatic;
					};
				};
			};
			buildConfigurationList = 2C63847E1F7E407300F95FDF /* Build configuration list for PBXProject "JLSina" */;
			compatibilityVersion = "Xcode 8.0";
			developmentRegion = en;
			hasScannedForEncodings = 0;
			knownRegions = (
				en,
				Base,
			);
			mainGroup = 2C63847A1F7E407300F95FDF;
			productRefGroup = 2C6384841F7E407300F95FDF /* Products */;
			projectDirPath = "";
			projectRoot = "";
			targets = (
				2C6384821F7E407300F95FDF /* JLSina */,
			);
		};
/* End PBXProject section */

/* Begin PBXResourcesBuildPhase section */
		2C6384811F7E407300F95FDF /* Resources */ = {
			isa = PBXResourcesBuildPhase;
			buildActionMask = 2147483647;
			files = (
				2C04A9DC1FAC5B8A00E0B299 /* main.json in Resources */,
				2CAAB56C1FA826C20021B432 /* Images.xcassets in Resources */,
			);
			runOnlyForDeploymentPostprocessing = 0;
		};
/* End PBXResourcesBuildPhase section */

/* Begin PBXShellScriptBuildPhase section */
		5F90BFF888FFD325043950BA /* [CP] Copy Pods Resources */ = {
			isa = PBXShellScriptBuildPhase;
			buildActionMask = 2147483647;
			files = (
			);
			inputPaths = (
			);
			name = "[CP] Copy Pods Resources";
			outputPaths = (
			);
			runOnlyForDeploymentPostprocessing = 0;
			shellPath = /bin/sh;
			shellScript = "\"${SRCROOT}/Pods/Target Support Files/Pods-JLSina/Pods-JLSina-resources.sh\"\n";
			showEnvVarsInLog = 0;
		};
		629BBA1ABF1715F517FA3404 /* [CP] Check Pods Manifest.lock */ = {
			isa = PBXShellScriptBuildPhase;
			buildActionMask = 2147483647;
			files = (
			);
			inputPaths = (
				"${PODS_PODFILE_DIR_PATH}/Podfile.lock",
				"${PODS_ROOT}/Manifest.lock",
			);
			name = "[CP] Check Pods Manifest.lock";
			outputPaths = (
				"$(DERIVED_FILE_DIR)/Pods-JLSina-checkManifestLockResult.txt",
			);
			runOnlyForDeploymentPostprocessing = 0;
			shellPath = /bin/sh;
			shellScript = "diff \"${PODS_PODFILE_DIR_PATH}/Podfile.lock\" \"${PODS_ROOT}/Manifest.lock\" > /dev/null\nif [ $? != 0 ] ; then\n    # print error to STDERR\n    echo \"error: The sandbox is not in sync with the Podfile.lock. Run 'pod install' or update your CocoaPods installation.\" >&2\n    exit 1\nfi\n# This output is used by Xcode 'outputs' to avoid re-running this script phase.\necho \"SUCCESS\" > \"${SCRIPT_OUTPUT_FILE_0}\"\n";
			showEnvVarsInLog = 0;
		};
		62BF5F7E70EBD3AE6985A387 /* [CP] Embed Pods Frameworks */ = {
			isa = PBXShellScriptBuildPhase;
			buildActionMask = 2147483647;
			files = (
			);
			inputPaths = (
				"${SRCROOT}/Pods/Target Support Files/Pods-JLSina/Pods-JLSina-frameworks.sh",
				"${BUILT_PRODUCTS_DIR}/AFNetworking/AFNetworking.framework",
				"${BUILT_PRODUCTS_DIR}/FMDB/FMDB.framework",
				"${BUILT_PRODUCTS_DIR}/SDWebImage/SDWebImage.framework",
				"${BUILT_PRODUCTS_DIR}/SVProgressHUD/SVProgressHUD.framework",
				"${BUILT_PRODUCTS_DIR}/YYModel/YYModel.framework",
				"${BUILT_PRODUCTS_DIR}/pop/pop.framework",
			);
			name = "[CP] Embed Pods Frameworks";
			outputPaths = (
				"${TARGET_BUILD_DIR}/${FRAMEWORKS_FOLDER_PATH}/AFNetworking.framework",
				"${TARGET_BUILD_DIR}/${FRAMEWORKS_FOLDER_PATH}/FMDB.framework",
				"${TARGET_BUILD_DIR}/${FRAMEWORKS_FOLDER_PATH}/SDWebImage.framework",
				"${TARGET_BUILD_DIR}/${FRAMEWORKS_FOLDER_PATH}/SVProgressHUD.framework",
				"${TARGET_BUILD_DIR}/${FRAMEWORKS_FOLDER_PATH}/YYModel.framework",
				"${TARGET_BUILD_DIR}/${FRAMEWORKS_FOLDER_PATH}/pop.framework",
			);
			runOnlyForDeploymentPostprocessing = 0;
			shellPath = /bin/sh;
			shellScript = "\"${SRCROOT}/Pods/Target Support Files/Pods-JLSina/Pods-JLSina-frameworks.sh\"\n";
			showEnvVarsInLog = 0;
		};
/* End PBXShellScriptBuildPhase section */

/* Begin PBXSourcesBuildPhase section */
		2C63847F1F7E407300F95FDF /* Sources */ = {
			isa = PBXSourcesBuildPhase;
			buildActionMask = 2147483647;
			files = (
				2CFDC35C1FB17DFE003F60E6 /* JLStatus.swift in Sources */,
				2C6384871F7E407300F95FDF /* AppDelegate.swift in Sources */,
				2CD104BB1FB93A2000116BFC /* JLTitleButton.swift in Sources */,
				2CAAB5641FA821A70021B432 /* NSString+CZPath.m in Sources */,
				2C30A6621FB42E3500DF8B46 /* WeiboCommon.swift in Sources */,
				2CAAB5621FA821A70021B432 /* NSString+CZBase64.m in Sources */,
				2C6384A81F7E4E0B00F95FDF /* JLHomeViewController.swift in Sources */,
				2CAAB5661FA821A70021B432 /* UIColor+CZAddition.m in Sources */,
				2C6384A61F7E4DBF00F95FDF /* JLBaseViewController.swift in Sources */,
				2CAAB5441FA814DA0021B432 /* Bundle+Extensions.swift in Sources */,
				2C3777191FAAF2FA00567432 /* JLVisitorView.swift in Sources */,
				2C6384A21F7E4D6E00F95FDF /* JLMainViewController.swift in Sources */,
				2C30A6651FB4309F00DF8B46 /* JLWBOAuthViewController.swift in Sources */,
				2CAAB55F1FA821A70021B432 /* NSArray+Log.m in Sources */,
				2CAAB5711FA85CEC0021B432 /* UIBarButtonItem+Extension.swift in Sources */,
				2CAAB5671FA821A70021B432 /* UILabel+CZAddition.m in Sources */,
				2C876BCA1FB5EEFA00A5CB39 /* JLUserAccount.swift in Sources */,
				2C6384AC1F7E4E3D00F95FDF /* JLDiscoverViewController.swift in Sources */,
				2CAAB56F1FA84FAC0021B432 /* JLDemoViewController.swift in Sources */,
				2CAAB5601FA821A70021B432 /* NSAttributedString+CZAdditon.m in Sources */,
				2CB564191FB06670005FDA84 /* JLNetworkManager.swift in Sources */,
				2CFDC35A1FB150F2003F60E6 /* JLNetworkManager+Extension.swift in Sources */,
				2C6384AA1F7E4E3000F95FDF /* JLMessageViewController.swift in Sources */,
				2CAAB5631FA821A70021B432 /* NSString+CZHash.m in Sources */,
				2C6384AF1F7E4E7800F95FDF /* JLProfileViewController.swift in Sources */,
				2CAAB5681FA821A70021B432 /* UIScreen+CZAddition.m in Sources */,
				2C6384A41F7E4D9D00F95FDF /* JLNavigationController.swift in Sources */,
				2CAAB5651FA821A70021B432 /* UIButton+CZAddition.m in Sources */,
				2CFDC3601FB18196003F60E6 /* JLStatusListViewModel.swift in Sources */,
				2CAAB56A1FA821A70021B432 /* UIViewController+CZAddition.m in Sources */,
				2CAAB5611FA821A70021B432 /* NSObject+CZRuntime.m in Sources */,
				2CAAB5691FA821A70021B432 /* UIView+CZAddition.m in Sources */,
			);
			runOnlyForDeploymentPostprocessing = 0;
		};
/* End PBXSourcesBuildPhase section */

/* Begin XCBuildConfiguration section */
		2C6384931F7E407300F95FDF /* Debug */ = {
			isa = XCBuildConfiguration;
			buildSettings = {
				ALWAYS_SEARCH_USER_PATHS = NO;
				CLANG_ANALYZER_NONNULL = YES;
				CLANG_ANALYZER_NUMBER_OBJECT_CONVERSION = YES_AGGRESSIVE;
				CLANG_CXX_LANGUAGE_STANDARD = "gnu++14";
				CLANG_CXX_LIBRARY = "libc++";
				CLANG_ENABLE_MODULES = YES;
				CLANG_ENABLE_OBJC_ARC = YES;
				CLANG_WARN_BLOCK_CAPTURE_AUTORELEASING = YES;
				CLANG_WARN_BOOL_CONVERSION = YES;
				CLANG_WARN_COMMA = YES;
				CLANG_WARN_CONSTANT_CONVERSION = YES;
				CLANG_WARN_DIRECT_OBJC_ISA_USAGE = YES_ERROR;
				CLANG_WARN_DOCUMENTATION_COMMENTS = YES;
				CLANG_WARN_EMPTY_BODY = YES;
				CLANG_WARN_ENUM_CONVERSION = YES;
				CLANG_WARN_INFINITE_RECURSION = YES;
				CLANG_WARN_INT_CONVERSION = YES;
				CLANG_WARN_NON_LITERAL_NULL_CONVERSION = YES;
				CLANG_WARN_OBJC_LITERAL_CONVERSION = YES;
				CLANG_WARN_OBJC_ROOT_CLASS = YES_ERROR;
				CLANG_WARN_RANGE_LOOP_ANALYSIS = YES;
				CLANG_WARN_STRICT_PROTOTYPES = YES;
				CLANG_WARN_SUSPICIOUS_MOVE = YES;
				CLANG_WARN_UNGUARDED_AVAILABILITY = YES_AGGRESSIVE;
				CLANG_WARN_UNREACHABLE_CODE = YES;
				CLANG_WARN__DUPLICATE_METHOD_MATCH = YES;
				CODE_SIGN_IDENTITY = "iPhone Developer";
				COPY_PHASE_STRIP = NO;
				DEBUG_INFORMATION_FORMAT = dwarf;
				ENABLE_STRICT_OBJC_MSGSEND = YES;
				ENABLE_TESTABILITY = YES;
				GCC_C_LANGUAGE_STANDARD = gnu11;
				GCC_DYNAMIC_NO_PIC = NO;
				GCC_NO_COMMON_BLOCKS = YES;
				GCC_OPTIMIZATION_LEVEL = 0;
				GCC_PREPROCESSOR_DEFINITIONS = (
					"DEBUG=1",
					"$(inherited)",
				);
				GCC_WARN_64_TO_32_BIT_CONVERSION = YES;
				GCC_WARN_ABOUT_RETURN_TYPE = YES_ERROR;
				GCC_WARN_UNDECLARED_SELECTOR = YES;
				GCC_WARN_UNINITIALIZED_AUTOS = YES_AGGRESSIVE;
				GCC_WARN_UNUSED_FUNCTION = YES;
				GCC_WARN_UNUSED_VARIABLE = YES;
				IPHONEOS_DEPLOYMENT_TARGET = 11.0;
				MTL_ENABLE_DEBUG_INFO = YES;
				ONLY_ACTIVE_ARCH = YES;
				SDKROOT = iphoneos;
				SWIFT_ACTIVE_COMPILATION_CONDITIONS = DEBUG;
				SWIFT_OPTIMIZATION_LEVEL = "-Onone";
			};
			name = Debug;
		};
		2C6384941F7E407300F95FDF /* Release */ = {
			isa = XCBuildConfiguration;
			buildSettings = {
				ALWAYS_SEARCH_USER_PATHS = NO;
				CLANG_ANALYZER_NONNULL = YES;
				CLANG_ANALYZER_NUMBER_OBJECT_CONVERSION = YES_AGGRESSIVE;
				CLANG_CXX_LANGUAGE_STANDARD = "gnu++14";
				CLANG_CXX_LIBRARY = "libc++";
				CLANG_ENABLE_MODULES = YES;
				CLANG_ENABLE_OBJC_ARC = YES;
				CLANG_WARN_BLOCK_CAPTURE_AUTORELEASING = YES;
				CLANG_WARN_BOOL_CONVERSION = YES;
				CLANG_WARN_COMMA = YES;
				CLANG_WARN_CONSTANT_CONVERSION = YES;
				CLANG_WARN_DIRECT_OBJC_ISA_USAGE = YES_ERROR;
				CLANG_WARN_DOCUMENTATION_COMMENTS = YES;
				CLANG_WARN_EMPTY_BODY = YES;
				CLANG_WARN_ENUM_CONVERSION = YES;
				CLANG_WARN_INFINITE_RECURSION = YES;
				CLANG_WARN_INT_CONVERSION = YES;
				CLANG_WARN_NON_LITERAL_NULL_CONVERSION = YES;
				CLANG_WARN_OBJC_LITERAL_CONVERSION = YES;
				CLANG_WARN_OBJC_ROOT_CLASS = YES_ERROR;
				CLANG_WARN_RANGE_LOOP_ANALYSIS = YES;
				CLANG_WARN_STRICT_PROTOTYPES = YES;
				CLANG_WARN_SUSPICIOUS_MOVE = YES;
				CLANG_WARN_UNGUARDED_AVAILABILITY = YES_AGGRESSIVE;
				CLANG_WARN_UNREACHABLE_CODE = YES;
				CLANG_WARN__DUPLICATE_METHOD_MATCH = YES;
				CODE_SIGN_IDENTITY = "iPhone Developer";
				COPY_PHASE_STRIP = NO;
				DEBUG_INFORMATION_FORMAT = "dwarf-with-dsym";
				ENABLE_NS_ASSERTIONS = NO;
				ENABLE_STRICT_OBJC_MSGSEND = YES;
				GCC_C_LANGUAGE_STANDARD = gnu11;
				GCC_NO_COMMON_BLOCKS = YES;
				GCC_WARN_64_TO_32_BIT_CONVERSION = YES;
				GCC_WARN_ABOUT_RETURN_TYPE = YES_ERROR;
				GCC_WARN_UNDECLARED_SELECTOR = YES;
				GCC_WARN_UNINITIALIZED_AUTOS = YES_AGGRESSIVE;
				GCC_WARN_UNUSED_FUNCTION = YES;
				GCC_WARN_UNUSED_VARIABLE = YES;
				IPHONEOS_DEPLOYMENT_TARGET = 11.0;
				MTL_ENABLE_DEBUG_INFO = NO;
				SDKROOT = iphoneos;
				SWIFT_OPTIMIZATION_LEVEL = "-Owholemodule";
				VALIDATE_PRODUCT = YES;
			};
			name = Release;
		};
		2C6384961F7E407300F95FDF /* Debug */ = {
			isa = XCBuildConfiguration;
			baseConfigurationReference = 3D46ADFD21A0D0BD58ADF3D6 /* Pods-JLSina.debug.xcconfig */;
			buildSettings = {
				ASSETCATALOG_COMPILER_APPICON_NAME = AppIcon;
				ASSETCATALOG_COMPILER_LAUNCHIMAGE_NAME = LaunchImage;
				CLANG_ENABLE_MODULES = YES;
				CODE_SIGN_STYLE = Automatic;
				DEVELOPMENT_TEAM = 4E4939ZHJY;
				INFOPLIST_FILE = JLSina/Info.plist;
				IPHONEOS_DEPLOYMENT_TARGET = 8.0;
				LD_RUNPATH_SEARCH_PATHS = "$(inherited) @executable_path/Frameworks";
				OTHER_LDFLAGS = "";
				PRODUCT_BUNDLE_IDENTIFIER = hejinlong.JLSina;
				PRODUCT_NAME = "$(TARGET_NAME)";
				SWIFT_OBJC_BRIDGING_HEADER = "JLSina/JLSina-Bridging-Header.h";
				SWIFT_OPTIMIZATION_LEVEL = "-Onone";
				SWIFT_VERSION = 4.0;
				TARGETED_DEVICE_FAMILY = 1;
				USER_HEADER_SEARCH_PATHS = "";
			};
			name = Debug;
		};
		2C6384971F7E407300F95FDF /* Release */ = {
			isa = XCBuildConfiguration;
			baseConfigurationReference = A8F3107D5E28CDE37CF5AD78 /* Pods-JLSina.release.xcconfig */;
			buildSettings = {
				ASSETCATALOG_COMPILER_APPICON_NAME = AppIcon;
				ASSETCATALOG_COMPILER_LAUNCHIMAGE_NAME = LaunchImage;
				CLANG_ENABLE_MODULES = YES;
				CODE_SIGN_STYLE = Automatic;
				DEVELOPMENT_TEAM = 4E4939ZHJY;
				INFOPLIST_FILE = JLSina/Info.plist;
				IPHONEOS_DEPLOYMENT_TARGET = 8.0;
				LD_RUNPATH_SEARCH_PATHS = "$(inherited) @executable_path/Frameworks";
				OTHER_LDFLAGS = "";
				PRODUCT_BUNDLE_IDENTIFIER = hejinlong.JLSina;
				PRODUCT_NAME = "$(TARGET_NAME)";
				SWIFT_OBJC_BRIDGING_HEADER = "JLSina/JLSina-Bridging-Header.h";
				SWIFT_VERSION = 4.0;
				TARGETED_DEVICE_FAMILY = 1;
				USER_HEADER_SEARCH_PATHS = "";
			};
			name = Release;
		};
/* End XCBuildConfiguration section */

/* Begin XCConfigurationList section */
		2C63847E1F7E407300F95FDF /* Build configuration list for PBXProject "JLSina" */ = {
			isa = XCConfigurationList;
			buildConfigurations = (
				2C6384931F7E407300F95FDF /* Debug */,
				2C6384941F7E407300F95FDF /* Release */,
			);
			defaultConfigurationIsVisible = 0;
			defaultConfigurationName = Release;
		};
		2C6384951F7E407300F95FDF /* Build configuration list for PBXNativeTarget "JLSina" */ = {
			isa = XCConfigurationList;
			buildConfigurations = (
				2C6384961F7E407300F95FDF /* Debug */,
				2C6384971F7E407300F95FDF /* Release */,
			);
			defaultConfigurationIsVisible = 0;
			defaultConfigurationName = Release;
		};
/* End XCConfigurationList section */
	};
	rootObject = 2C63847B1F7E407300F95FDF /* Project object */;
}
